
Microsoft Visual Studio Solution File, Format Version 12.00
# Visual Studio 14
VisualStudioVersion = 14.0.23107.0
MinimumVisualStudioVersion = 10.0.40219.1
Project("{FAE04EC0-301F-11D3-BF4B-00C04F79EFBC}") = "Ordering.Api", "Ordering.Api\Ordering.Api.csproj", "{CCCC7B13-5A07-4D23-A4F1-574E7D1CBD30}"
EndProject
Project("{FAE04EC0-301F-11D3-BF4B-00C04F79EFBC}") = "Authentication.Api", "Authentication.Api\Authentication.Api.csproj", "{6E6777D6-184E-459C-882F-A9FB23312FA2}"
EndProject
Global
	GlobalSection(SolutionConfigurationPlatforms) = preSolution
		Debug|Any CPU = Debug|Any CPU
		Release|Any CPU = Release|Any CPU
	EndGlobalSection
	GlobalSection(ProjectConfigurationPlatforms) = postSolution
		{CCCC7B13-5A07-4D23-A4F1-574E7D1CBD30}.Debug|Any CPU.ActiveCfg = Debug|Any CPU
		{CCCC7B13-5A07-4D23-A4F1-574E7D1CBD30}.Debug|Any CPU.Build.0 = Debug|Any CPU
		{CCCC7B13-5A07-4D23-A4F1-574E7D1CBD30}.Release|Any CPU.ActiveCfg = Release|Any CPU
		{CCCC7B13-5A07-4D23-A4F1-574E7D1CBD30}.Release|Any CPU.Build.0 = Release|Any CPU
		{6E6777D6-184E-459C-882F-A9FB23312FA2}.Debug|Any CPU.ActiveCfg = Debug|Any CPU
		{6E6777D6-184E-459C-882F-A9FB23312FA2}.Debug|Any CPU.Build.0 = Debug|Any CPU
		{6E6777D6-184E-459C-882F-A9FB23312FA2}.Release|Any CPU.ActiveCfg = Release|Any CPU
		{6E6777D6-184E-459C-882F-A9FB23312FA2}.Release|Any CPU.Build.0 = Release|Any CPU
	EndGlobalSection
	GlobalSection(SolutionProperties) = preSolution
		HideSolutionNode = FALSE
	EndGlobalSection
EndGlobal
